# This file is automatically @generated by Poetry 1.8.4 and should not be changed by hand.

[[package]]
name = "fusepy"
version = "3.0.1"
description = "Simple ctypes bindings for FUSE"
optional = false
python-versions = "*"
files = [
    {file = "fusepy-3.0.1.tar.gz", hash = "sha256:72ff783ec2f43de3ab394e3f7457605bf04c8cf288a2f4068b4cde141d4ee6bd"},
]

[[package]]
name = "mutagen"
version = "1.47.0"
description = "read and write audio tags for many formats"
optional = false
python-versions = ">=3.7"
files = [
    {file = "mutagen-1.47.0-py3-none-any.whl", hash = "sha256:edd96f50c5907a9539d8e5bba7245f62c9f520aef333d13392a79a4f70aca719"},
    {file = "mutagen-1.47.0.tar.gz", hash = "sha256:719fadef0a978c31b4cf3c956261b3c58b6948b32023078a2117b1de09f0fc99"},
]

[[package]]
name = "tinytag"
version = "2.0.0"
description = "Read audio file metadata"
optional = false
python-versions = ">=3.7"
files = [
    {file = "tinytag-2.0.0-py3-none-any.whl", hash = "sha256:971b9dceae2d1de73b5e8300639ea0b41454633b899426e702aed15f0e72a9b4"},
    {file = "tinytag-2.0.0.tar.gz", hash = "sha256:d041f53d15553bb148549bfbc7feab445caf7105ba95fa2ecb9827bb06b62275"},
]

[package.extras]
tests = ["coverage", "mypy", "pycodestyle", "pylint", "pytest"]

[metadata]
lock-version = "2.0"
python-versions = "^3.12"
content-hash = "d857b7147bc3cbd7e6926b253877def2a19c7539052af988648563cdbd26774d"
